
Microsoft Visual Studio Solution File, Format Version 12.00
# Visual Studio Version 17
VisualStudioVersion = 17.5.002.0
MinimumVisualStudioVersion = 10.0.40219.1
Project("{2150E333-8FDC-42A3-9474-1A3956D46DE8}") = "apps", "apps", "{197B8E30-4610-42B6-A0B2-419812070438}"
EndProject
Project("{9A19103F-16F7-4668-BE54-9A1E7A4F7556}") = "uptodate-app", "apps\uptodate-app\uptodate-app.csproj", "{45E92D56-9240-40DE-91BD-D2848DB65B97}"
EndProject
Project("{9A19103F-16F7-4668-BE54-9A1E7A4F7556}") = "vulnerable-app", "apps\vulnerable-app\vulnerable-app.csproj", "{5589611D-71C0-4031-A54F-F240FA388FAF}"
EndProject
Global
	GlobalSection(SolutionConfigurationPlatforms) = preSolution
		Debug|Any CPU = Debug|Any CPU
		Release|Any CPU = Release|Any CPU
	EndGlobalSection
	GlobalSection(ProjectConfigurationPlatforms) = postSolution
		{45E92D56-9240-40DE-91BD-D2848DB65B97}.Debug|Any CPU.ActiveCfg = Debug|Any CPU
		{45E92D56-9240-40DE-91BD-D2848DB65B97}.Debug|Any CPU.Build.0 = Debug|Any CPU
		{45E92D56-9240-40DE-91BD-D2848DB65B97}.Release|Any CPU.ActiveCfg = Release|Any CPU
		{45E92D56-9240-40DE-91BD-D2848DB65B97}.Release|Any CPU.Build.0 = Release|Any CPU
		{5589611D-71C0-4031-A54F-F240FA388FAF}.Debug|Any CPU.ActiveCfg = Debug|Any CPU
		{5589611D-71C0-4031-A54F-F240FA388FAF}.Debug|Any CPU.Build.0 = Debug|Any CPU
		{5589611D-71C0-4031-A54F-F240FA388FAF}.Release|Any CPU.ActiveCfg = Release|Any CPU
		{5589611D-71C0-4031-A54F-F240FA388FAF}.Release|Any CPU.Build.0 = Release|Any CPU
	EndGlobalSection
	GlobalSection(SolutionProperties) = preSolution
		HideSolutionNode = FALSE
	EndGlobalSection
	GlobalSection(NestedProjects) = preSolution
		{45E92D56-9240-40DE-91BD-D2848DB65B97} = {197B8E30-4610-42B6-A0B2-419812070438}
		{5589611D-71C0-4031-A54F-F240FA388FAF} = {197B8E30-4610-42B6-A0B2-419812070438}
	EndGlobalSection
	GlobalSection(ExtensibilityGlobals) = postSolution
		SolutionGuid = {81FB7F3C-AA1C-4A7E-B8B0-09060DCBADD0}
	EndGlobalSection
EndGlobal
